
Microsoft Visual Studio Solution File, Format Version 12.00
# Visual Studio Version 16
VisualStudioVersion = 16.0.29025.244
MinimumVisualStudioVersion = 15.0.26124.0
Project("{9A19103F-16F7-4668-BE54-9A1E7A4F7556}") = "Migrator", "Migrator\Migrator.csproj", "{00986E4B-8284-468B-BBEE-64E008389DB6}"
EndProject
Project("{9A19103F-16F7-4668-BE54-9A1E7A4F7556}") = "Migrations", "Migrations\Migrations.csproj", "{2E455B6C-4AAB-4233-9051-6B390AAAEDCB}"
EndProject
Project("{9A19103F-16F7-4668-BE54-9A1E7A4F7556}") = "Common", "Common\Common.csproj", "{BA930D5B-C453-4B61-882B-7463FA1627E3}"
EndProject
Project("{E53339B2-1760-4266-BCC7-CA923CBCF16C}") = "docker-compose", "docker-compose.dcproj", "{88441A9C-5429-4F3D-9ECF-A1EA669AB401}"
EndProject
Project("{2150E333-8FDC-42A3-9474-1A3956D46DE8}") = "Migration Projects", "Migration Projects", "{A36EF148-FA8E-44D0-B747-FC4B86D33379}"
EndProject
Project("{9A19103F-16F7-4668-BE54-9A1E7A4F7556}") = "Subscriber", "Subscriber\Subscriber.csproj", "{F4F3259D-2000-47AE-A024-7134B59F189D}"
EndProject
Project("{2150E333-8FDC-42A3-9474-1A3956D46DE8}") = "Assemblies", "Assemblies", "{07CFD626-302C-477F-B7F1-9B857DD90123}"
EndProject
Project("{9A19103F-16F7-4668-BE54-9A1E7A4F7556}") = "Contracts", "Contracts\Contracts.csproj", "{0D71E5B4-B7F2-44CD-812C-A8E26D6D33AD}"
EndProject
Project("{9A19103F-16F7-4668-BE54-9A1E7A4F7556}") = "Publisher", "Publisher\Publisher.csproj", "{D4D96193-1DE1-4084-B12E-165AAAE62762}"
EndProject
Project("{FAE04EC0-301F-11D3-BF4B-00C04F79EFBC}") = "Website", "Website\Website.csproj", "{DBD38245-7124-4358-84A6-0F4FB6C46661}"
EndProject
Global
	GlobalSection(SolutionConfigurationPlatforms) = preSolution
		Debug|Any CPU = Debug|Any CPU
		Debug|x64 = Debug|x64
		Debug|x86 = Debug|x86
		Release|Any CPU = Release|Any CPU
		Release|x64 = Release|x64
		Release|x86 = Release|x86
	EndGlobalSection
	GlobalSection(ProjectConfigurationPlatforms) = postSolution
		{00986E4B-8284-468B-BBEE-64E008389DB6}.Debug|Any CPU.ActiveCfg = Debug|Any CPU
		{00986E4B-8284-468B-BBEE-64E008389DB6}.Debug|Any CPU.Build.0 = Debug|Any CPU
		{00986E4B-8284-468B-BBEE-64E008389DB6}.Debug|x64.ActiveCfg = Debug|Any CPU
		{00986E4B-8284-468B-BBEE-64E008389DB6}.Debug|x64.Build.0 = Debug|Any CPU
		{00986E4B-8284-468B-BBEE-64E008389DB6}.Debug|x86.ActiveCfg = Debug|Any CPU
		{00986E4B-8284-468B-BBEE-64E008389DB6}.Debug|x86.Build.0 = Debug|Any CPU
		{00986E4B-8284-468B-BBEE-64E008389DB6}.Release|Any CPU.ActiveCfg = Release|Any CPU
		{00986E4B-8284-468B-BBEE-64E008389DB6}.Release|Any CPU.Build.0 = Release|Any CPU
		{00986E4B-8284-468B-BBEE-64E008389DB6}.Release|x64.ActiveCfg = Release|Any CPU
		{00986E4B-8284-468B-BBEE-64E008389DB6}.Release|x64.Build.0 = Release|Any CPU
		{00986E4B-8284-468B-BBEE-64E008389DB6}.Release|x86.ActiveCfg = Release|Any CPU
		{00986E4B-8284-468B-BBEE-64E008389DB6}.Release|x86.Build.0 = Release|Any CPU
		{2E455B6C-4AAB-4233-9051-6B390AAAEDCB}.Debug|Any CPU.ActiveCfg = Debug|Any CPU
		{2E455B6C-4AAB-4233-9051-6B390AAAEDCB}.Debug|Any CPU.Build.0 = Debug|Any CPU
		{2E455B6C-4AAB-4233-9051-6B390AAAEDCB}.Debug|x64.ActiveCfg = Debug|Any CPU
		{2E455B6C-4AAB-4233-9051-6B390AAAEDCB}.Debug|x64.Build.0 = Debug|Any CPU
		{2E455B6C-4AAB-4233-9051-6B390AAAEDCB}.Debug|x86.ActiveCfg = Debug|Any CPU
		{2E455B6C-4AAB-4233-9051-6B390AAAEDCB}.Debug|x86.Build.0 = Debug|Any CPU
		{2E455B6C-4AAB-4233-9051-6B390AAAEDCB}.Release|Any CPU.ActiveCfg = Release|Any CPU
		{2E455B6C-4AAB-4233-9051-6B390AAAEDCB}.Release|Any CPU.Build.0 = Release|Any CPU
		{2E455B6C-4AAB-4233-9051-6B390AAAEDCB}.Release|x64.ActiveCfg = Release|Any CPU
		{2E455B6C-4AAB-4233-9051-6B390AAAEDCB}.Release|x64.Build.0 = Release|Any CPU
		{2E455B6C-4AAB-4233-9051-6B390AAAEDCB}.Release|x86.ActiveCfg = Release|Any CPU
		{2E455B6C-4AAB-4233-9051-6B390AAAEDCB}.Release|x86.Build.0 = Release|Any CPU
		{BA930D5B-C453-4B61-882B-7463FA1627E3}.Debug|Any CPU.ActiveCfg = Debug|Any CPU
		{BA930D5B-C453-4B61-882B-7463FA1627E3}.Debug|Any CPU.Build.0 = Debug|Any CPU
		{BA930D5B-C453-4B61-882B-7463FA1627E3}.Debug|x64.ActiveCfg = Debug|Any CPU
		{BA930D5B-C453-4B61-882B-7463FA1627E3}.Debug|x64.Build.0 = Debug|Any CPU
		{BA930D5B-C453-4B61-882B-7463FA1627E3}.Debug|x86.ActiveCfg = Debug|Any CPU
		{BA930D5B-C453-4B61-882B-7463FA1627E3}.Debug|x86.Build.0 = Debug|Any CPU
		{BA930D5B-C453-4B61-882B-7463FA1627E3}.Release|Any CPU.ActiveCfg = Release|Any CPU
		{BA930D5B-C453-4B61-882B-7463FA1627E3}.Release|Any CPU.Build.0 = Release|Any CPU
		{BA930D5B-C453-4B61-882B-7463FA1627E3}.Release|x64.ActiveCfg = Release|Any CPU
		{BA930D5B-C453-4B61-882B-7463FA1627E3}.Release|x64.Build.0 = Release|Any CPU
		{BA930D5B-C453-4B61-882B-7463FA1627E3}.Release|x86.ActiveCfg = Release|Any CPU
		{BA930D5B-C453-4B61-882B-7463FA1627E3}.Release|x86.Build.0 = Release|Any CPU
		{88441A9C-5429-4F3D-9ECF-A1EA669AB401}.Debug|Any CPU.ActiveCfg = Debug|Any CPU
		{88441A9C-5429-4F3D-9ECF-A1EA669AB401}.Debug|Any CPU.Build.0 = Debug|Any CPU
		{88441A9C-5429-4F3D-9ECF-A1EA669AB401}.Debug|x64.ActiveCfg = Debug|Any CPU
		{88441A9C-5429-4F3D-9ECF-A1EA669AB401}.Debug|x64.Build.0 = Debug|Any CPU
		{88441A9C-5429-4F3D-9ECF-A1EA669AB401}.Debug|x86.ActiveCfg = Debug|Any CPU
		{88441A9C-5429-4F3D-9ECF-A1EA669AB401}.Debug|x86.Build.0 = Debug|Any CPU
		{88441A9C-5429-4F3D-9ECF-A1EA669AB401}.Release|Any CPU.ActiveCfg = Release|Any CPU
		{88441A9C-5429-4F3D-9ECF-A1EA669AB401}.Release|Any CPU.Build.0 = Release|Any CPU
		{88441A9C-5429-4F3D-9ECF-A1EA669AB401}.Release|x64.ActiveCfg = Release|Any CPU
		{88441A9C-5429-4F3D-9ECF-A1EA669AB401}.Release|x64.Build.0 = Release|Any CPU
		{88441A9C-5429-4F3D-9ECF-A1EA669AB401}.Release|x86.ActiveCfg = Release|Any CPU
		{88441A9C-5429-4F3D-9ECF-A1EA669AB401}.Release|x86.Build.0 = Release|Any CPU
		{F4F3259D-2000-47AE-A024-7134B59F189D}.Debug|Any CPU.ActiveCfg = Debug|Any CPU
		{F4F3259D-2000-47AE-A024-7134B59F189D}.Debug|Any CPU.Build.0 = Debug|Any CPU
		{F4F3259D-2000-47AE-A024-7134B59F189D}.Debug|x64.ActiveCfg = Debug|Any CPU
		{F4F3259D-2000-47AE-A024-7134B59F189D}.Debug|x64.Build.0 = Debug|Any CPU
		{F4F3259D-2000-47AE-A024-7134B59F189D}.Debug|x86.ActiveCfg = Debug|Any CPU
		{F4F3259D-2000-47AE-A024-7134B59F189D}.Debug|x86.Build.0 = Debug|Any CPU
		{F4F3259D-2000-47AE-A024-7134B59F189D}.Release|Any CPU.ActiveCfg = Release|Any CPU
		{F4F3259D-2000-47AE-A024-7134B59F189D}.Release|Any CPU.Build.0 = Release|Any CPU
		{F4F3259D-2000-47AE-A024-7134B59F189D}.Release|x64.ActiveCfg = Release|Any CPU
		{F4F3259D-2000-47AE-A024-7134B59F189D}.Release|x64.Build.0 = Release|Any CPU
		{F4F3259D-2000-47AE-A024-7134B59F189D}.Release|x86.ActiveCfg = Release|Any CPU
		{F4F3259D-2000-47AE-A024-7134B59F189D}.Release|x86.Build.0 = Release|Any CPU
		{0D71E5B4-B7F2-44CD-812C-A8E26D6D33AD}.Debug|Any CPU.ActiveCfg = Debug|Any CPU
		{0D71E5B4-B7F2-44CD-812C-A8E26D6D33AD}.Debug|Any CPU.Build.0 = Debug|Any CPU
		{0D71E5B4-B7F2-44CD-812C-A8E26D6D33AD}.Debug|x64.ActiveCfg = Debug|Any CPU
		{0D71E5B4-B7F2-44CD-812C-A8E26D6D33AD}.Debug|x64.Build.0 = Debug|Any CPU
		{0D71E5B4-B7F2-44CD-812C-A8E26D6D33AD}.Debug|x86.ActiveCfg = Debug|Any CPU
		{0D71E5B4-B7F2-44CD-812C-A8E26D6D33AD}.Debug|x86.Build.0 = Debug|Any CPU
		{0D71E5B4-B7F2-44CD-812C-A8E26D6D33AD}.Release|Any CPU.ActiveCfg = Release|Any CPU
		{0D71E5B4-B7F2-44CD-812C-A8E26D6D33AD}.Release|Any CPU.Build.0 = Release|Any CPU
		{0D71E5B4-B7F2-44CD-812C-A8E26D6D33AD}.Release|x64.ActiveCfg = Release|Any CPU
		{0D71E5B4-B7F2-44CD-812C-A8E26D6D33AD}.Release|x64.Build.0 = Release|Any CPU
		{0D71E5B4-B7F2-44CD-812C-A8E26D6D33AD}.Release|x86.ActiveCfg = Release|Any CPU
		{0D71E5B4-B7F2-44CD-812C-A8E26D6D33AD}.Release|x86.Build.0 = Release|Any CPU
		{D4D96193-1DE1-4084-B12E-165AAAE62762}.Debug|Any CPU.ActiveCfg = Debug|Any CPU
		{D4D96193-1DE1-4084-B12E-165AAAE62762}.Debug|Any CPU.Build.0 = Debug|Any CPU
		{D4D96193-1DE1-4084-B12E-165AAAE62762}.Debug|x64.ActiveCfg = Debug|Any CPU
		{D4D96193-1DE1-4084-B12E-165AAAE62762}.Debug|x64.Build.0 = Debug|Any CPU
		{D4D96193-1DE1-4084-B12E-165AAAE62762}.Debug|x86.ActiveCfg = Debug|Any CPU
		{D4D96193-1DE1-4084-B12E-165AAAE62762}.Debug|x86.Build.0 = Debug|Any CPU
		{D4D96193-1DE1-4084-B12E-165AAAE62762}.Release|Any CPU.ActiveCfg = Release|Any CPU
		{D4D96193-1DE1-4084-B12E-165AAAE62762}.Release|Any CPU.Build.0 = Release|Any CPU
		{D4D96193-1DE1-4084-B12E-165AAAE62762}.Release|x64.ActiveCfg = Release|Any CPU
		{D4D96193-1DE1-4084-B12E-165AAAE62762}.Release|x64.Build.0 = Release|Any CPU
		{D4D96193-1DE1-4084-B12E-165AAAE62762}.Release|x86.ActiveCfg = Release|Any CPU
		{D4D96193-1DE1-4084-B12E-165AAAE62762}.Release|x86.Build.0 = Release|Any CPU
		{DBD38245-7124-4358-84A6-0F4FB6C46661}.Debug|Any CPU.ActiveCfg = Debug|Any CPU
		{DBD38245-7124-4358-84A6-0F4FB6C46661}.Debug|Any CPU.Build.0 = Debug|Any CPU
		{DBD38245-7124-4358-84A6-0F4FB6C46661}.Debug|x64.ActiveCfg = Debug|Any CPU
		{DBD38245-7124-4358-84A6-0F4FB6C46661}.Debug|x64.Build.0 = Debug|Any CPU
		{DBD38245-7124-4358-84A6-0F4FB6C46661}.Debug|x86.ActiveCfg = Debug|Any CPU
		{DBD38245-7124-4358-84A6-0F4FB6C46661}.Debug|x86.Build.0 = Debug|Any CPU
		{DBD38245-7124-4358-84A6-0F4FB6C46661}.Release|Any CPU.ActiveCfg = Release|Any CPU
		{DBD38245-7124-4358-84A6-0F4FB6C46661}.Release|Any CPU.Build.0 = Release|Any CPU
		{DBD38245-7124-4358-84A6-0F4FB6C46661}.Release|x64.ActiveCfg = Release|Any CPU
		{DBD38245-7124-4358-84A6-0F4FB6C46661}.Release|x64.Build.0 = Release|Any CPU
		{DBD38245-7124-4358-84A6-0F4FB6C46661}.Release|x86.ActiveCfg = Release|Any CPU
		{DBD38245-7124-4358-84A6-0F4FB6C46661}.Release|x86.Build.0 = Release|Any CPU
	EndGlobalSection
	GlobalSection(SolutionProperties) = preSolution
		HideSolutionNode = FALSE
	EndGlobalSection
	GlobalSection(NestedProjects) = preSolution
		{00986E4B-8284-468B-BBEE-64E008389DB6} = {A36EF148-FA8E-44D0-B747-FC4B86D33379}
		{2E455B6C-4AAB-4233-9051-6B390AAAEDCB} = {A36EF148-FA8E-44D0-B747-FC4B86D33379}
		{BA930D5B-C453-4B61-882B-7463FA1627E3} = {07CFD626-302C-477F-B7F1-9B857DD90123}
		{0D71E5B4-B7F2-44CD-812C-A8E26D6D33AD} = {07CFD626-302C-477F-B7F1-9B857DD90123}
	EndGlobalSection
	GlobalSection(ExtensibilityGlobals) = postSolution
		SolutionGuid = {F170C37A-5BD4-47C3-9224-E0758F3F22A8}
	EndGlobalSection
EndGlobal
