
Microsoft Visual Studio Solution File, Format Version 12.00
# Visual Studio 15
VisualStudioVersion = 15.0.26124.0
MinimumVisualStudioVersion = 15.0.26124.0
Project("{9A19103F-16F7-4668-BE54-9A1E7A4F7556}") = "Migrator", "Migrator\Migrator.csproj", "{00986E4B-8284-468B-BBEE-64E008389DB6}"
EndProject
Project("{9A19103F-16F7-4668-BE54-9A1E7A4F7556}") = "Migrations", "Migrations\Migrations.csproj", "{2E455B6C-4AAB-4233-9051-6B390AAAEDCB}"
EndProject
Project("{9A19103F-16F7-4668-BE54-9A1E7A4F7556}") = "Common", "Common\Common.csproj", "{BA930D5B-C453-4B61-882B-7463FA1627E3}"
EndProject
Global
	GlobalSection(SolutionConfigurationPlatforms) = preSolution
		Debug|Any CPU = Debug|Any CPU
		Debug|x64 = Debug|x64
		Debug|x86 = Debug|x86
		Release|Any CPU = Release|Any CPU
		Release|x64 = Release|x64
		Release|x86 = Release|x86
	EndGlobalSection
	GlobalSection(ProjectConfigurationPlatforms) = postSolution
		{00986E4B-8284-468B-BBEE-64E008389DB6}.Debug|Any CPU.ActiveCfg = Debug|Any CPU
		{00986E4B-8284-468B-BBEE-64E008389DB6}.Debug|Any CPU.Build.0 = Debug|Any CPU
		{00986E4B-8284-468B-BBEE-64E008389DB6}.Debug|x64.ActiveCfg = Debug|Any CPU
		{00986E4B-8284-468B-BBEE-64E008389DB6}.Debug|x64.Build.0 = Debug|Any CPU
		{00986E4B-8284-468B-BBEE-64E008389DB6}.Debug|x86.ActiveCfg = Debug|Any CPU
		{00986E4B-8284-468B-BBEE-64E008389DB6}.Debug|x86.Build.0 = Debug|Any CPU
		{00986E4B-8284-468B-BBEE-64E008389DB6}.Release|Any CPU.ActiveCfg = Release|Any CPU
		{00986E4B-8284-468B-BBEE-64E008389DB6}.Release|Any CPU.Build.0 = Release|Any CPU
		{00986E4B-8284-468B-BBEE-64E008389DB6}.Release|x64.ActiveCfg = Release|Any CPU
		{00986E4B-8284-468B-BBEE-64E008389DB6}.Release|x64.Build.0 = Release|Any CPU
		{00986E4B-8284-468B-BBEE-64E008389DB6}.Release|x86.ActiveCfg = Release|Any CPU
		{00986E4B-8284-468B-BBEE-64E008389DB6}.Release|x86.Build.0 = Release|Any CPU
		{2E455B6C-4AAB-4233-9051-6B390AAAEDCB}.Debug|Any CPU.ActiveCfg = Debug|Any CPU
		{2E455B6C-4AAB-4233-9051-6B390AAAEDCB}.Debug|Any CPU.Build.0 = Debug|Any CPU
		{2E455B6C-4AAB-4233-9051-6B390AAAEDCB}.Debug|x64.ActiveCfg = Debug|Any CPU
		{2E455B6C-4AAB-4233-9051-6B390AAAEDCB}.Debug|x64.Build.0 = Debug|Any CPU
		{2E455B6C-4AAB-4233-9051-6B390AAAEDCB}.Debug|x86.ActiveCfg = Debug|Any CPU
		{2E455B6C-4AAB-4233-9051-6B390AAAEDCB}.Debug|x86.Build.0 = Debug|Any CPU
		{2E455B6C-4AAB-4233-9051-6B390AAAEDCB}.Release|Any CPU.ActiveCfg = Release|Any CPU
		{2E455B6C-4AAB-4233-9051-6B390AAAEDCB}.Release|Any CPU.Build.0 = Release|Any CPU
		{2E455B6C-4AAB-4233-9051-6B390AAAEDCB}.Release|x64.ActiveCfg = Release|Any CPU
		{2E455B6C-4AAB-4233-9051-6B390AAAEDCB}.Release|x64.Build.0 = Release|Any CPU
		{2E455B6C-4AAB-4233-9051-6B390AAAEDCB}.Release|x86.ActiveCfg = Release|Any CPU
		{2E455B6C-4AAB-4233-9051-6B390AAAEDCB}.Release|x86.Build.0 = Release|Any CPU
		{BA930D5B-C453-4B61-882B-7463FA1627E3}.Debug|Any CPU.ActiveCfg = Debug|Any CPU
		{BA930D5B-C453-4B61-882B-7463FA1627E3}.Debug|Any CPU.Build.0 = Debug|Any CPU
		{BA930D5B-C453-4B61-882B-7463FA1627E3}.Debug|x64.ActiveCfg = Debug|Any CPU
		{BA930D5B-C453-4B61-882B-7463FA1627E3}.Debug|x64.Build.0 = Debug|Any CPU
		{BA930D5B-C453-4B61-882B-7463FA1627E3}.Debug|x86.ActiveCfg = Debug|Any CPU
		{BA930D5B-C453-4B61-882B-7463FA1627E3}.Debug|x86.Build.0 = Debug|Any CPU
		{BA930D5B-C453-4B61-882B-7463FA1627E3}.Release|Any CPU.ActiveCfg = Release|Any CPU
		{BA930D5B-C453-4B61-882B-7463FA1627E3}.Release|Any CPU.Build.0 = Release|Any CPU
		{BA930D5B-C453-4B61-882B-7463FA1627E3}.Release|x64.ActiveCfg = Release|Any CPU
		{BA930D5B-C453-4B61-882B-7463FA1627E3}.Release|x64.Build.0 = Release|Any CPU
		{BA930D5B-C453-4B61-882B-7463FA1627E3}.Release|x86.ActiveCfg = Release|Any CPU
		{BA930D5B-C453-4B61-882B-7463FA1627E3}.Release|x86.Build.0 = Release|Any CPU
	EndGlobalSection
	GlobalSection(SolutionProperties) = preSolution
		HideSolutionNode = FALSE
	EndGlobalSection
	GlobalSection(ExtensibilityGlobals) = postSolution
		SolutionGuid = {F170C37A-5BD4-47C3-9224-E0758F3F22A8}
	EndGlobalSection
EndGlobal
